// !$*UTF8*$!
{
	archiveVersion = 1;
	classes = {
	};
	objectVersion = 55;
	objects = {

/* Begin PBXBuildFile section */
		0F3FE50E28A320E600943706 /* UploadType.swift in Sources */ = {isa = PBXBuildFile; fileRef = 0F3FE50D28A320E600943706 /* UploadType.swift */; };
		0F3FE51028A32B1600943706 /* DateHelper.swift in Sources */ = {isa = PBXBuildFile; fileRef = 0F3FE50F28A32B1600943706 /* DateHelper.swift */; };
		0F3FE51228A32B4A00943706 /* TimeFormat.swift in Sources */ = {isa = PBXBuildFile; fileRef = 0F3FE51128A32B4A00943706 /* TimeFormat.swift */; };
		0FB5A9A628A266F500581905 /* PhotoPreviewViewController.swift in Sources */ = {isa = PBXBuildFile; fileRef = 0FB5A9A528A266F500581905 /* PhotoPreviewViewController.swift */; };
		0FB5A9A828A266FD00581905 /* PhotoPreviewViewController.storyboard in Resources */ = {isa = PBXBuildFile; fileRef = 0FB5A9A728A266FD00581905 /* PhotoPreviewViewController.storyboard */; };
		0FB5A9AC28A27A0C00581905 /* UploadViewController.swift in Sources */ = {isa = PBXBuildFile; fileRef = 0FB5A9AB28A27A0C00581905 /* UploadViewController.swift */; };
		0FB5A9AE28A27A1300581905 /* UploadViewController.storyboard in Resources */ = {isa = PBXBuildFile; fileRef = 0FB5A9AD28A27A1300581905 /* UploadViewController.storyboard */; };
		0FB5A9B128A2FB8700581905 /* CameraService.swift in Sources */ = {isa = PBXBuildFile; fileRef = 0FB5A9B028A2FB8700581905 /* CameraService.swift */; };
		0FB5A9B328A305C900581905 /* UploadPhotoService.swift in Sources */ = {isa = PBXBuildFile; fileRef = 0FB5A9B228A305C900581905 /* UploadPhotoService.swift */; };
		0FB5A9B528A3079900581905 /* AWSService.swift in Sources */ = {isa = PBXBuildFile; fileRef = 0FB5A9B428A3079900581905 /* AWSService.swift */; };
		0FB5A9BA28A313C100581905 /* FirebaseService.swift in Sources */ = {isa = PBXBuildFile; fileRef = 0FB5A9B928A313C100581905 /* FirebaseService.swift */; };
		0FB5A9BC28A31B5D00581905 /* APIService.swift in Sources */ = {isa = PBXBuildFile; fileRef = 0FB5A9BB28A31B5D00581905 /* APIService.swift */; };
		0FE4D705289FC01100DA0A3A /* AppDelegate.swift in Sources */ = {isa = PBXBuildFile; fileRef = 0FE4D704289FC01100DA0A3A /* AppDelegate.swift */; };
		0FE4D707289FC01100DA0A3A /* SceneDelegate.swift in Sources */ = {isa = PBXBuildFile; fileRef = 0FE4D706289FC01100DA0A3A /* SceneDelegate.swift */; };
		0FE4D709289FC01100DA0A3A /* UserIDViewController.swift in Sources */ = {isa = PBXBuildFile; fileRef = 0FE4D708289FC01100DA0A3A /* UserIDViewController.swift */; };
		0FE4D70C289FC01100DA0A3A /* Main.storyboard in Resources */ = {isa = PBXBuildFile; fileRef = 0FE4D70A289FC01100DA0A3A /* Main.storyboard */; };
		0FE4D70E289FC01300DA0A3A /* Assets.xcassets in Resources */ = {isa = PBXBuildFile; fileRef = 0FE4D70D289FC01300DA0A3A /* Assets.xcassets */; };
		0FE4D711289FC01300DA0A3A /* LaunchScreen.storyboard in Resources */ = {isa = PBXBuildFile; fileRef = 0FE4D70F289FC01300DA0A3A /* LaunchScreen.storyboard */; };
		0FE4D71E289FC3C700DA0A3A /* MainNavigationController.swift in Sources */ = {isa = PBXBuildFile; fileRef = 0FE4D71D289FC3C700DA0A3A /* MainNavigationController.swift */; };
		0FE4D721289FC4AD00DA0A3A /* UserIDViewController.storyboard in Resources */ = {isa = PBXBuildFile; fileRef = 0FE4D720289FC4AD00DA0A3A /* UserIDViewController.storyboard */; };
		0FE4D724289FC4F000DA0A3A /* UIView+NibRepresentable.swift in Sources */ = {isa = PBXBuildFile; fileRef = 0FE4D723289FC4F000DA0A3A /* UIView+NibRepresentable.swift */; };
		0FE4D726289FC9FE00DA0A3A /* UIViewController+Keyboard.swift in Sources */ = {isa = PBXBuildFile; fileRef = 0FE4D725289FC9FE00DA0A3A /* UIViewController+Keyboard.swift */; };
		0FE4D729289FD67C00DA0A3A /* CameraViewController.swift in Sources */ = {isa = PBXBuildFile; fileRef = 0FE4D728289FD67C00DA0A3A /* CameraViewController.swift */; };
		0FE4D72B289FD68300DA0A3A /* CameraViewController.storyboard in Resources */ = {isa = PBXBuildFile; fileRef = 0FE4D72A289FD68300DA0A3A /* CameraViewController.storyboard */; };
		C783C7DD1DFDE19066C2FDE7 /* Pods_PhotoUploadApp.framework in Frameworks */ = {isa = PBXBuildFile; fileRef = 55CD591266B144DDA2248456 /* Pods_PhotoUploadApp.framework */; };
/* End PBXBuildFile section */

/* Begin PBXFileReference section */
		0F3FE50D28A320E600943706 /* UploadType.swift */ = {isa = PBXFileReference; lastKnownFileType = sourcecode.swift; path = UploadType.swift; sourceTree = "<group>"; };
		0F3FE50F28A32B1600943706 /* DateHelper.swift */ = {isa = PBXFileReference; lastKnownFileType = sourcecode.swift; path = DateHelper.swift; sourceTree = "<group>"; };
		0F3FE51128A32B4A00943706 /* TimeFormat.swift */ = {isa = PBXFileReference; lastKnownFileType = sourcecode.swift; path = TimeFormat.swift; sourceTree = "<group>"; };
		0FB5A9A528A266F500581905 /* PhotoPreviewViewController.swift */ = {isa = PBXFileReference; lastKnownFileType = sourcecode.swift; path = PhotoPreviewViewController.swift; sourceTree = "<group>"; };
		0FB5A9A728A266FD00581905 /* PhotoPreviewViewController.storyboard */ = {isa = PBXFileReference; lastKnownFileType = file.storyboard; path = PhotoPreviewViewController.storyboard; sourceTree = "<group>"; };
		0FB5A9AB28A27A0C00581905 /* UploadViewController.swift */ = {isa = PBXFileReference; lastKnownFileType = sourcecode.swift; path = UploadViewController.swift; sourceTree = "<group>"; };
		0FB5A9AD28A27A1300581905 /* UploadViewController.storyboard */ = {isa = PBXFileReference; lastKnownFileType = file.storyboard; path = UploadViewController.storyboard; sourceTree = "<group>"; };
		0FB5A9B028A2FB8700581905 /* CameraService.swift */ = {isa = PBXFileReference; lastKnownFileType = sourcecode.swift; path = CameraService.swift; sourceTree = "<group>"; };
		0FB5A9B228A305C900581905 /* UploadPhotoService.swift */ = {isa = PBXFileReference; lastKnownFileType = sourcecode.swift; path = UploadPhotoService.swift; sourceTree = "<group>"; };
		0FB5A9B428A3079900581905 /* AWSService.swift */ = {isa = PBXFileReference; lastKnownFileType = sourcecode.swift; path = AWSService.swift; sourceTree = "<group>"; };
		0FB5A9B928A313C100581905 /* FirebaseService.swift */ = {isa = PBXFileReference; lastKnownFileType = sourcecode.swift; path = FirebaseService.swift; sourceTree = "<group>"; };
		0FB5A9BB28A31B5D00581905 /* APIService.swift */ = {isa = PBXFileReference; lastKnownFileType = sourcecode.swift; path = APIService.swift; sourceTree = "<group>"; };
		0FE4D701289FC01100DA0A3A /* PhotoUploadApp.app */ = {isa = PBXFileReference; explicitFileType = wrapper.application; includeInIndex = 0; path = PhotoUploadApp.app; sourceTree = BUILT_PRODUCTS_DIR; };
		0FE4D704289FC01100DA0A3A /* AppDelegate.swift */ = {isa = PBXFileReference; lastKnownFileType = sourcecode.swift; path = AppDelegate.swift; sourceTree = "<group>"; };
		0FE4D706289FC01100DA0A3A /* SceneDelegate.swift */ = {isa = PBXFileReference; lastKnownFileType = sourcecode.swift; path = SceneDelegate.swift; sourceTree = "<group>"; };
		0FE4D708289FC01100DA0A3A /* UserIDViewController.swift */ = {isa = PBXFileReference; lastKnownFileType = sourcecode.swift; path = UserIDViewController.swift; sourceTree = "<group>"; };
		0FE4D70B289FC01100DA0A3A /* Base */ = {isa = PBXFileReference; lastKnownFileType = file.storyboard; name = Base; path = Base.lproj/Main.storyboard; sourceTree = "<group>"; };
		0FE4D70D289FC01300DA0A3A /* Assets.xcassets */ = {isa = PBXFileReference; lastKnownFileType = folder.assetcatalog; path = Assets.xcassets; sourceTree = "<group>"; };
		0FE4D710289FC01300DA0A3A /* Base */ = {isa = PBXFileReference; lastKnownFileType = file.storyboard; name = Base; path = Base.lproj/LaunchScreen.storyboard; sourceTree = "<group>"; };
		0FE4D712289FC01300DA0A3A /* Info.plist */ = {isa = PBXFileReference; lastKnownFileType = text.plist.xml; path = Info.plist; sourceTree = "<group>"; };
		0FE4D71D289FC3C700DA0A3A /* MainNavigationController.swift */ = {isa = PBXFileReference; lastKnownFileType = sourcecode.swift; path = MainNavigationController.swift; sourceTree = "<group>"; };
		0FE4D720289FC4AD00DA0A3A /* UserIDViewController.storyboard */ = {isa = PBXFileReference; lastKnownFileType = file.storyboard; path = UserIDViewController.storyboard; sourceTree = "<group>"; };
		0FE4D723289FC4F000DA0A3A /* UIView+NibRepresentable.swift */ = {isa = PBXFileReference; lastKnownFileType = sourcecode.swift; path = "UIView+NibRepresentable.swift"; sourceTree = "<group>"; };
		0FE4D725289FC9FE00DA0A3A /* UIViewController+Keyboard.swift */ = {isa = PBXFileReference; lastKnownFileType = sourcecode.swift; path = "UIViewController+Keyboard.swift"; sourceTree = "<group>"; };
		0FE4D728289FD67C00DA0A3A /* CameraViewController.swift */ = {isa = PBXFileReference; lastKnownFileType = sourcecode.swift; path = CameraViewController.swift; sourceTree = "<group>"; };
		0FE4D72A289FD68300DA0A3A /* CameraViewController.storyboard */ = {isa = PBXFileReference; lastKnownFileType = file.storyboard; path = CameraViewController.storyboard; sourceTree = "<group>"; };
		55CD591266B144DDA2248456 /* Pods_PhotoUploadApp.framework */ = {isa = PBXFileReference; explicitFileType = wrapper.framework; includeInIndex = 0; path = Pods_PhotoUploadApp.framework; sourceTree = BUILT_PRODUCTS_DIR; };
		CFF591302E754838D6A2C53C /* Pods-PhotoUploadApp.debug.xcconfig */ = {isa = PBXFileReference; includeInIndex = 1; lastKnownFileType = text.xcconfig; name = "Pods-PhotoUploadApp.debug.xcconfig"; path = "Target Support Files/Pods-PhotoUploadApp/Pods-PhotoUploadApp.debug.xcconfig"; sourceTree = "<group>"; };
		EC50A55A285730E4C9E3CE50 /* Pods-PhotoUploadApp.release.xcconfig */ = {isa = PBXFileReference; includeInIndex = 1; lastKnownFileType = text.xcconfig; name = "Pods-PhotoUploadApp.release.xcconfig"; path = "Target Support Files/Pods-PhotoUploadApp/Pods-PhotoUploadApp.release.xcconfig"; sourceTree = "<group>"; };
/* End PBXFileReference section */

/* Begin PBXFrameworksBuildPhase section */
		0FE4D6FE289FC01100DA0A3A /* Frameworks */ = {
			isa = PBXFrameworksBuildPhase;
			buildActionMask = 2147483647;
			files = (
				C783C7DD1DFDE19066C2FDE7 /* Pods_PhotoUploadApp.framework in Frameworks */,
			);
			runOnlyForDeploymentPostprocessing = 0;
		};
/* End PBXFrameworksBuildPhase section */

/* Begin PBXGroup section */
		0F3FE50C28A320D400943706 /* Enumerations */ = {
			isa = PBXGroup;
			children = (
				0F3FE50D28A320E600943706 /* UploadType.swift */,
				0F3FE51128A32B4A00943706 /* TimeFormat.swift */,
			);
			path = Enumerations;
			sourceTree = "<group>";
		};
		0FB5A9A428A266DA00581905 /* PhotoPreview */ = {
			isa = PBXGroup;
			children = (
				0FB5A9A528A266F500581905 /* PhotoPreviewViewController.swift */,
				0FB5A9A728A266FD00581905 /* PhotoPreviewViewController.storyboard */,
			);
			path = PhotoPreview;
			sourceTree = "<group>";
		};
		0FB5A9A928A279F300581905 /* Upload */ = {
			isa = PBXGroup;
			children = (
				0FB5A9AB28A27A0C00581905 /* UploadViewController.swift */,
				0FB5A9AD28A27A1300581905 /* UploadViewController.storyboard */,
			);
			path = Upload;
			sourceTree = "<group>";
		};
		0FB5A9AF28A2FB7800581905 /* Services */ = {
			isa = PBXGroup;
			children = (
				0FB5A9B028A2FB8700581905 /* CameraService.swift */,
				0FB5A9B228A305C900581905 /* UploadPhotoService.swift */,
				0FB5A9B428A3079900581905 /* AWSService.swift */,
				0FB5A9B928A313C100581905 /* FirebaseService.swift */,
				0FB5A9BB28A31B5D00581905 /* APIService.swift */,
				0F3FE50F28A32B1600943706 /* DateHelper.swift */,
			);
			path = Services;
			sourceTree = "<group>";
		};
		0FB5A9B628A3111E00581905 /* Entities */ = {
			isa = PBXGroup;
			children = (
			);
			path = Entities;
			sourceTree = "<group>";
		};
		0FE4D6F8289FC01100DA0A3A = {
			isa = PBXGroup;
			children = (
				0FE4D703289FC01100DA0A3A /* PhotoUploadApp */,
				0FE4D702289FC01100DA0A3A /* Products */,
				1A5BFD961E646ADA2F09E34D /* Pods */,
				FB42747B274F5E6296743BBC /* Frameworks */,
			);
			sourceTree = "<group>";
		};
		0FE4D702289FC01100DA0A3A /* Products */ = {
			isa = PBXGroup;
			children = (
				0FE4D701289FC01100DA0A3A /* PhotoUploadApp.app */,
			);
			name = Products;
			sourceTree = "<group>";
		};
		0FE4D703289FC01100DA0A3A /* PhotoUploadApp */ = {
			isa = PBXGroup;
			children = (
				0FE4D71B289FC31300DA0A3A /* Assets */,
				0FE4D71A289FC2FE00DA0A3A /* Common */,
				0FE4D719289FC2E400DA0A3A /* Application */,
				0FE4D712289FC01300DA0A3A /* Info.plist */,
			);
			path = PhotoUploadApp;
			sourceTree = "<group>";
		};
		0FE4D718289FC2D100DA0A3A /* Flows */ = {
			isa = PBXGroup;
			children = (
				0FB5A9A928A279F300581905 /* Upload */,
				0FB5A9A428A266DA00581905 /* PhotoPreview */,
				0FE4D727289FD66900DA0A3A /* Camera */,
				0FE4D71F289FC49E00DA0A3A /* UserID */,
				0FE4D71D289FC3C700DA0A3A /* MainNavigationController.swift */,
			);
			path = Flows;
			sourceTree = "<group>";
		};
		0FE4D719289FC2E400DA0A3A /* Application */ = {
			isa = PBXGroup;
			children = (
				0FE4D71C289FC32D00DA0A3A /* Storyboards */,
				0FE4D718289FC2D100DA0A3A /* Flows */,
			);
			path = Application;
			sourceTree = "<group>";
		};
		0FE4D71A289FC2FE00DA0A3A /* Common */ = {
			isa = PBXGroup;
			children = (
				0F3FE50C28A320D400943706 /* Enumerations */,
				0FB5A9B628A3111E00581905 /* Entities */,
				0FB5A9AF28A2FB7800581905 /* Services */,
				0FE4D722289FC4BF00DA0A3A /* Extensions */,
				0FE4D704289FC01100DA0A3A /* AppDelegate.swift */,
				0FE4D706289FC01100DA0A3A /* SceneDelegate.swift */,
			);
			path = Common;
			sourceTree = "<group>";
		};
		0FE4D71B289FC31300DA0A3A /* Assets */ = {
			isa = PBXGroup;
			children = (
				0FE4D70D289FC01300DA0A3A /* Assets.xcassets */,
			);
			path = Assets;
			sourceTree = "<group>";
		};
		0FE4D71C289FC32D00DA0A3A /* Storyboards */ = {
			isa = PBXGroup;
			children = (
				0FE4D70A289FC01100DA0A3A /* Main.storyboard */,
				0FE4D70F289FC01300DA0A3A /* LaunchScreen.storyboard */,
			);
			path = Storyboards;
			sourceTree = "<group>";
		};
		0FE4D71F289FC49E00DA0A3A /* UserID */ = {
			isa = PBXGroup;
			children = (
				0FE4D708289FC01100DA0A3A /* UserIDViewController.swift */,
				0FE4D720289FC4AD00DA0A3A /* UserIDViewController.storyboard */,
			);
			path = UserID;
			sourceTree = "<group>";
		};
		0FE4D722289FC4BF00DA0A3A /* Extensions */ = {
			isa = PBXGroup;
			children = (
				0FE4D723289FC4F000DA0A3A /* UIView+NibRepresentable.swift */,
				0FE4D725289FC9FE00DA0A3A /* UIViewController+Keyboard.swift */,
			);
			path = Extensions;
			sourceTree = "<group>";
		};
		0FE4D727289FD66900DA0A3A /* Camera */ = {
			isa = PBXGroup;
			children = (
				0FE4D728289FD67C00DA0A3A /* CameraViewController.swift */,
				0FE4D72A289FD68300DA0A3A /* CameraViewController.storyboard */,
			);
			path = Camera;
			sourceTree = "<group>";
		};
		1A5BFD961E646ADA2F09E34D /* Pods */ = {
			isa = PBXGroup;
			children = (
				CFF591302E754838D6A2C53C /* Pods-PhotoUploadApp.debug.xcconfig */,
				EC50A55A285730E4C9E3CE50 /* Pods-PhotoUploadApp.release.xcconfig */,
			);
			path = Pods;
			sourceTree = "<group>";
		};
		FB42747B274F5E6296743BBC /* Frameworks */ = {
			isa = PBXGroup;
			children = (
				55CD591266B144DDA2248456 /* Pods_PhotoUploadApp.framework */,
			);
			name = Frameworks;
			sourceTree = "<group>";
		};
/* End PBXGroup section */

/* Begin PBXNativeTarget section */
		0FE4D700289FC01100DA0A3A /* PhotoUploadApp */ = {
			isa = PBXNativeTarget;
			buildConfigurationList = 0FE4D715289FC01300DA0A3A /* Build configuration list for PBXNativeTarget "PhotoUploadApp" */;
			buildPhases = (
				E36E452EFB922009693B6D04 /* [CP] Check Pods Manifest.lock */,
				0FE4D6FD289FC01100DA0A3A /* Sources */,
				0FE4D6FE289FC01100DA0A3A /* Frameworks */,
				0FE4D6FF289FC01100DA0A3A /* Resources */,
				408899F09655D07D0A8D2312 /* [CP] Embed Pods Frameworks */,
			);
			buildRules = (
			);
			dependencies = (
			);
			name = PhotoUploadApp;
			productName = PhotoUploadApp;
			productReference = 0FE4D701289FC01100DA0A3A /* PhotoUploadApp.app */;
			productType = "com.apple.product-type.application";
		};
/* End PBXNativeTarget section */

/* Begin PBXProject section */
		0FE4D6F9289FC01100DA0A3A /* Project object */ = {
			isa = PBXProject;
			attributes = {
				BuildIndependentTargetsInParallel = 1;
				LastSwiftUpdateCheck = 1340;
				LastUpgradeCheck = 1340;
				TargetAttributes = {
					0FE4D700289FC01100DA0A3A = {
						CreatedOnToolsVersion = 13.4.1;
					};
				};
			};
			buildConfigurationList = 0FE4D6FC289FC01100DA0A3A /* Build configuration list for PBXProject "PhotoUploadApp" */;
			compatibilityVersion = "Xcode 13.0";
			developmentRegion = en;
			hasScannedForEncodings = 0;
			knownRegions = (
				en,
				Base,
			);
			mainGroup = 0FE4D6F8289FC01100DA0A3A;
			productRefGroup = 0FE4D702289FC01100DA0A3A /* Products */;
			projectDirPath = "";
			projectRoot = "";
			targets = (
				0FE4D700289FC01100DA0A3A /* PhotoUploadApp */,
			);
		};
/* End PBXProject section */

/* Begin PBXResourcesBuildPhase section */
		0FE4D6FF289FC01100DA0A3A /* Resources */ = {
			isa = PBXResourcesBuildPhase;
			buildActionMask = 2147483647;
			files = (
				0FB5A9AE28A27A1300581905 /* UploadViewController.storyboard in Resources */,
				0FE4D711289FC01300DA0A3A /* LaunchScreen.storyboard in Resources */,
				0FE4D721289FC4AD00DA0A3A /* UserIDViewController.storyboard in Resources */,
				0FE4D72B289FD68300DA0A3A /* CameraViewController.storyboard in Resources */,
				0FE4D70E289FC01300DA0A3A /* Assets.xcassets in Resources */,
				0FE4D70C289FC01100DA0A3A /* Main.storyboard in Resources */,
				0FB5A9A828A266FD00581905 /* PhotoPreviewViewController.storyboard in Resources */,
			);
			runOnlyForDeploymentPostprocessing = 0;
		};
/* End PBXResourcesBuildPhase section */

/* Begin PBXShellScriptBuildPhase section */
		408899F09655D07D0A8D2312 /* [CP] Embed Pods Frameworks */ = {
			isa = PBXShellScriptBuildPhase;
			buildActionMask = 2147483647;
			files = (
			);
			inputFileListPaths = (
				"${PODS_ROOT}/Target Support Files/Pods-PhotoUploadApp/Pods-PhotoUploadApp-frameworks-${CONFIGURATION}-input-files.xcfilelist",
			);
			name = "[CP] Embed Pods Frameworks";
			outputFileListPaths = (
				"${PODS_ROOT}/Target Support Files/Pods-PhotoUploadApp/Pods-PhotoUploadApp-frameworks-${CONFIGURATION}-output-files.xcfilelist",
			);
			runOnlyForDeploymentPostprocessing = 0;
			shellPath = /bin/sh;
			shellScript = "\"${PODS_ROOT}/Target Support Files/Pods-PhotoUploadApp/Pods-PhotoUploadApp-frameworks.sh\"\n";
			showEnvVarsInLog = 0;
		};
		E36E452EFB922009693B6D04 /* [CP] Check Pods Manifest.lock */ = {
			isa = PBXShellScriptBuildPhase;
			buildActionMask = 2147483647;
			files = (
			);
			inputFileListPaths = (
			);
			inputPaths = (
				"${PODS_PODFILE_DIR_PATH}/Podfile.lock",
				"${PODS_ROOT}/Manifest.lock",
			);
			name = "[CP] Check Pods Manifest.lock";
			outputFileListPaths = (
			);
			outputPaths = (
				"$(DERIVED_FILE_DIR)/Pods-PhotoUploadApp-checkManifestLockResult.txt",
			);
			runOnlyForDeploymentPostprocessing = 0;
			shellPath = /bin/sh;
			shellScript = "diff \"${PODS_PODFILE_DIR_PATH}/Podfile.lock\" \"${PODS_ROOT}/Manifest.lock\" > /dev/null\nif [ $? != 0 ] ; then\n    # print error to STDERR\n    echo \"error: The sandbox is not in sync with the Podfile.lock. Run 'pod install' or update your CocoaPods installation.\" >&2\n    exit 1\nfi\n# This output is used by Xcode 'outputs' to avoid re-running this script phase.\necho \"SUCCESS\" > \"${SCRIPT_OUTPUT_FILE_0}\"\n";
			showEnvVarsInLog = 0;
		};
/* End PBXShellScriptBuildPhase section */

/* Begin PBXSourcesBuildPhase section */
		0FE4D6FD289FC01100DA0A3A /* Sources */ = {
			isa = PBXSourcesBuildPhase;
			buildActionMask = 2147483647;
			files = (
				0FB5A9B128A2FB8700581905 /* CameraService.swift in Sources */,
				0FE4D709289FC01100DA0A3A /* UserIDViewController.swift in Sources */,
				0FE4D726289FC9FE00DA0A3A /* UIViewController+Keyboard.swift in Sources */,
				0FE4D724289FC4F000DA0A3A /* UIView+NibRepresentable.swift in Sources */,
				0FE4D705289FC01100DA0A3A /* AppDelegate.swift in Sources */,
				0FB5A9B328A305C900581905 /* UploadPhotoService.swift in Sources */,
				0FB5A9AC28A27A0C00581905 /* UploadViewController.swift in Sources */,
				0FB5A9BA28A313C100581905 /* FirebaseService.swift in Sources */,
				0FB5A9BC28A31B5D00581905 /* APIService.swift in Sources */,
				0F3FE51028A32B1600943706 /* DateHelper.swift in Sources */,
				0FB5A9A628A266F500581905 /* PhotoPreviewViewController.swift in Sources */,
				0FE4D729289FD67C00DA0A3A /* CameraViewController.swift in Sources */,
				0F3FE51228A32B4A00943706 /* TimeFormat.swift in Sources */,
				0FE4D71E289FC3C700DA0A3A /* MainNavigationController.swift in Sources */,
				0FE4D707289FC01100DA0A3A /* SceneDelegate.swift in Sources */,
				0FB5A9B528A3079900581905 /* AWSService.swift in Sources */,
				0F3FE50E28A320E600943706 /* UploadType.swift in Sources */,
			);
			runOnlyForDeploymentPostprocessing = 0;
		};
/* End PBXSourcesBuildPhase section */

/* Begin PBXVariantGroup section */
		0FE4D70A289FC01100DA0A3A /* Main.storyboard */ = {
			isa = PBXVariantGroup;
			children = (
				0FE4D70B289FC01100DA0A3A /* Base */,
			);
			name = Main.storyboard;
			sourceTree = "<group>";
		};
		0FE4D70F289FC01300DA0A3A /* LaunchScreen.storyboard */ = {
			isa = PBXVariantGroup;
			children = (
				0FE4D710289FC01300DA0A3A /* Base */,
			);
			name = LaunchScreen.storyboard;
			sourceTree = "<group>";
		};
/* End PBXVariantGroup section */

/* Begin XCBuildConfiguration section */
		0FE4D713289FC01300DA0A3A /* Debug */ = {
			isa = XCBuildConfiguration;
			buildSettings = {
				ALWAYS_SEARCH_USER_PATHS = NO;
				CLANG_ANALYZER_NONNULL = YES;
				CLANG_ANALYZER_NUMBER_OBJECT_CONVERSION = YES_AGGRESSIVE;
				CLANG_CXX_LANGUAGE_STANDARD = "gnu++17";
				CLANG_ENABLE_MODULES = YES;
				CLANG_ENABLE_OBJC_ARC = YES;
				CLANG_ENABLE_OBJC_WEAK = YES;
				CLANG_WARN_BLOCK_CAPTURE_AUTORELEASING = YES;
				CLANG_WARN_BOOL_CONVERSION = YES;
				CLANG_WARN_COMMA = YES;
				CLANG_WARN_CONSTANT_CONVERSION = YES;
				CLANG_WARN_DEPRECATED_OBJC_IMPLEMENTATIONS = YES;
				CLANG_WARN_DIRECT_OBJC_ISA_USAGE = YES_ERROR;
				CLANG_WARN_DOCUMENTATION_COMMENTS = YES;
				CLANG_WARN_EMPTY_BODY = YES;
				CLANG_WARN_ENUM_CONVERSION = YES;
				CLANG_WARN_INFINITE_RECURSION = YES;
				CLANG_WARN_INT_CONVERSION = YES;
				CLANG_WARN_NON_LITERAL_NULL_CONVERSION = YES;
				CLANG_WARN_OBJC_IMPLICIT_RETAIN_SELF = YES;
				CLANG_WARN_OBJC_LITERAL_CONVERSION = YES;
				CLANG_WARN_OBJC_ROOT_CLASS = YES_ERROR;
				CLANG_WARN_QUOTED_INCLUDE_IN_FRAMEWORK_HEADER = YES;
				CLANG_WARN_RANGE_LOOP_ANALYSIS = YES;
				CLANG_WARN_STRICT_PROTOTYPES = YES;
				CLANG_WARN_SUSPICIOUS_MOVE = YES;
				CLANG_WARN_UNGUARDED_AVAILABILITY = YES_AGGRESSIVE;
				CLANG_WARN_UNREACHABLE_CODE = YES;
				CLANG_WARN__DUPLICATE_METHOD_MATCH = YES;
				COPY_PHASE_STRIP = NO;
				DEBUG_INFORMATION_FORMAT = dwarf;
				ENABLE_STRICT_OBJC_MSGSEND = YES;
				ENABLE_TESTABILITY = YES;
				GCC_C_LANGUAGE_STANDARD = gnu11;
				GCC_DYNAMIC_NO_PIC = NO;
				GCC_NO_COMMON_BLOCKS = YES;
				GCC_OPTIMIZATION_LEVEL = 0;
				GCC_PREPROCESSOR_DEFINITIONS = (
					"DEBUG=1",
					"$(inherited)",
				);
				GCC_WARN_64_TO_32_BIT_CONVERSION = YES;
				GCC_WARN_ABOUT_RETURN_TYPE = YES_ERROR;
				GCC_WARN_UNDECLARED_SELECTOR = YES;
				GCC_WARN_UNINITIALIZED_AUTOS = YES_AGGRESSIVE;
				GCC_WARN_UNUSED_FUNCTION = YES;
				GCC_WARN_UNUSED_VARIABLE = YES;
				IPHONEOS_DEPLOYMENT_TARGET = 15.5;
				MTL_ENABLE_DEBUG_INFO = INCLUDE_SOURCE;
				MTL_FAST_MATH = YES;
				ONLY_ACTIVE_ARCH = YES;
				SDKROOT = iphoneos;
				SWIFT_ACTIVE_COMPILATION_CONDITIONS = DEBUG;
				SWIFT_OPTIMIZATION_LEVEL = "-Onone";
			};
			name = Debug;
		};
		0FE4D714289FC01300DA0A3A /* Release */ = {
			isa = XCBuildConfiguration;
			buildSettings = {
				ALWAYS_SEARCH_USER_PATHS = NO;
				CLANG_ANALYZER_NONNULL = YES;
				CLANG_ANALYZER_NUMBER_OBJECT_CONVERSION = YES_AGGRESSIVE;
				CLANG_CXX_LANGUAGE_STANDARD = "gnu++17";
				CLANG_ENABLE_MODULES = YES;
				CLANG_ENABLE_OBJC_ARC = YES;
				CLANG_ENABLE_OBJC_WEAK = YES;
				CLANG_WARN_BLOCK_CAPTURE_AUTORELEASING = YES;
				CLANG_WARN_BOOL_CONVERSION = YES;
				CLANG_WARN_COMMA = YES;
				CLANG_WARN_CONSTANT_CONVERSION = YES;
				CLANG_WARN_DEPRECATED_OBJC_IMPLEMENTATIONS = YES;
				CLANG_WARN_DIRECT_OBJC_ISA_USAGE = YES_ERROR;
				CLANG_WARN_DOCUMENTATION_COMMENTS = YES;
				CLANG_WARN_EMPTY_BODY = YES;
				CLANG_WARN_ENUM_CONVERSION = YES;
				CLANG_WARN_INFINITE_RECURSION = YES;
				CLANG_WARN_INT_CONVERSION = YES;
				CLANG_WARN_NON_LITERAL_NULL_CONVERSION = YES;
				CLANG_WARN_OBJC_IMPLICIT_RETAIN_SELF = YES;
				CLANG_WARN_OBJC_LITERAL_CONVERSION = YES;
				CLANG_WARN_OBJC_ROOT_CLASS = YES_ERROR;
				CLANG_WARN_QUOTED_INCLUDE_IN_FRAMEWORK_HEADER = YES;
				CLANG_WARN_RANGE_LOOP_ANALYSIS = YES;
				CLANG_WARN_STRICT_PROTOTYPES = YES;
				CLANG_WARN_SUSPICIOUS_MOVE = YES;
				CLANG_WARN_UNGUARDED_AVAILABILITY = YES_AGGRESSIVE;
				CLANG_WARN_UNREACHABLE_CODE = YES;
				CLANG_WARN__DUPLICATE_METHOD_MATCH = YES;
				COPY_PHASE_STRIP = NO;
				DEBUG_INFORMATION_FORMAT = "dwarf-with-dsym";
				ENABLE_NS_ASSERTIONS = NO;
				ENABLE_STRICT_OBJC_MSGSEND = YES;
				GCC_C_LANGUAGE_STANDARD = gnu11;
				GCC_NO_COMMON_BLOCKS = YES;
				GCC_WARN_64_TO_32_BIT_CONVERSION = YES;
				GCC_WARN_ABOUT_RETURN_TYPE = YES_ERROR;
				GCC_WARN_UNDECLARED_SELECTOR = YES;
				GCC_WARN_UNINITIALIZED_AUTOS = YES_AGGRESSIVE;
				GCC_WARN_UNUSED_FUNCTION = YES;
				GCC_WARN_UNUSED_VARIABLE = YES;
				IPHONEOS_DEPLOYMENT_TARGET = 15.5;
				MTL_ENABLE_DEBUG_INFO = NO;
				MTL_FAST_MATH = YES;
				SDKROOT = iphoneos;
				SWIFT_COMPILATION_MODE = wholemodule;
				SWIFT_OPTIMIZATION_LEVEL = "-O";
				VALIDATE_PRODUCT = YES;
			};
			name = Release;
		};
		0FE4D716289FC01300DA0A3A /* Debug */ = {
			isa = XCBuildConfiguration;
			baseConfigurationReference = CFF591302E754838D6A2C53C /* Pods-PhotoUploadApp.debug.xcconfig */;
			buildSettings = {
				ASSETCATALOG_COMPILER_APPICON_NAME = AppIcon;
				ASSETCATALOG_COMPILER_GLOBAL_ACCENT_COLOR_NAME = AccentColor;
				CODE_SIGN_STYLE = Automatic;
				CURRENT_PROJECT_VERSION = 1;
				DEVELOPMENT_TEAM = DZ47AJV762;
				GENERATE_INFOPLIST_FILE = YES;
				INFOPLIST_FILE = PhotoUploadApp/Info.plist;
				INFOPLIST_KEY_UIApplicationSupportsIndirectInputEvents = YES;
				INFOPLIST_KEY_UILaunchStoryboardName = LaunchScreen;
				INFOPLIST_KEY_UIMainStoryboardFile = Main;
				INFOPLIST_KEY_UISupportedInterfaceOrientations = UIInterfaceOrientationPortrait;
				INFOPLIST_KEY_UISupportedInterfaceOrientations_iPad = "UIInterfaceOrientationPortrait UIInterfaceOrientationPortraitUpsideDown UIInterfaceOrientationLandscapeLeft UIInterfaceOrientationLandscapeRight";
				INFOPLIST_KEY_UISupportedInterfaceOrientations_iPhone = "UIInterfaceOrientationPortrait UIInterfaceOrientationLandscapeLeft UIInterfaceOrientationLandscapeRight";
				LD_RUNPATH_SEARCH_PATHS = (
					"$(inherited)",
					"@executable_path/Frameworks",
				);
				MARKETING_VERSION = 1.0;
				PRODUCT_BUNDLE_IDENTIFIER = com.techTask.PhotoUploadApp;
				PRODUCT_NAME = "$(TARGET_NAME)";
				SWIFT_EMIT_LOC_STRINGS = YES;
				SWIFT_VERSION = 5.0;
				TARGETED_DEVICE_FAMILY = 1;
			};
			name = Debug;
		};
		0FE4D717289FC01300DA0A3A /* Release */ = {
			isa = XCBuildConfiguration;
			baseConfigurationReference = EC50A55A285730E4C9E3CE50 /* Pods-PhotoUploadApp.release.xcconfig */;
			buildSettings = {
				ASSETCATALOG_COMPILER_APPICON_NAME = AppIcon;
				ASSETCATALOG_COMPILER_GLOBAL_ACCENT_COLOR_NAME = AccentColor;
				CODE_SIGN_STYLE = Automatic;
				CURRENT_PROJECT_VERSION = 1;
				DEVELOPMENT_TEAM = DZ47AJV762;
				GENERATE_INFOPLIST_FILE = YES;
				INFOPLIST_FILE = PhotoUploadApp/Info.plist;
				INFOPLIST_KEY_UIApplicationSupportsIndirectInputEvents = YES;
				INFOPLIST_KEY_UILaunchStoryboardName = LaunchScreen;
				INFOPLIST_KEY_UIMainStoryboardFile = Main;
				INFOPLIST_KEY_UISupportedInterfaceOrientations = UIInterfaceOrientationPortrait;
				INFOPLIST_KEY_UISupportedInterfaceOrientations_iPad = "UIInterfaceOrientationPortrait UIInterfaceOrientationPortraitUpsideDown UIInterfaceOrientationLandscapeLeft UIInterfaceOrientationLandscapeRight";
				INFOPLIST_KEY_UISupportedInterfaceOrientations_iPhone = "UIInterfaceOrientationPortrait UIInterfaceOrientationLandscapeLeft UIInterfaceOrientationLandscapeRight";
				LD_RUNPATH_SEARCH_PATHS = (
					"$(inherited)",
					"@executable_path/Frameworks",
				);
				MARKETING_VERSION = 1.0;
				PRODUCT_BUNDLE_IDENTIFIER = com.techTask.PhotoUploadApp;
				PRODUCT_NAME = "$(TARGET_NAME)";
				SWIFT_EMIT_LOC_STRINGS = YES;
				SWIFT_VERSION = 5.0;
				TARGETED_DEVICE_FAMILY = 1;
			};
			name = Release;
		};
/* End XCBuildConfiguration section */

/* Begin XCConfigurationList section */
		0FE4D6FC289FC01100DA0A3A /* Build configuration list for PBXProject "PhotoUploadApp" */ = {
			isa = XCConfigurationList;
			buildConfigurations = (
				0FE4D713289FC01300DA0A3A /* Debug */,
				0FE4D714289FC01300DA0A3A /* Release */,
			);
			defaultConfigurationIsVisible = 0;
			defaultConfigurationName = Release;
		};
		0FE4D715289FC01300DA0A3A /* Build configuration list for PBXNativeTarget "PhotoUploadApp" */ = {
			isa = XCConfigurationList;
			buildConfigurations = (
				0FE4D716289FC01300DA0A3A /* Debug */,
				0FE4D717289FC01300DA0A3A /* Release */,
			);
			defaultConfigurationIsVisible = 0;
			defaultConfigurationName = Release;
		};
/* End XCConfigurationList section */
	};
	rootObject = 0FE4D6F9289FC01100DA0A3A /* Project object */;
}
